{
  "name": "piweb",
  "lockfileVersion": 3,
  "requires": true,
  "packages": {
    "": {
      "dependencies": {
        "sharer.js": "^0.5.4"
      }
    },
    "node_modules/sharer.js": {
      "version": "0.5.4",
      "resolved": "https://registry.npmjs.org/sharer.js/-/sharer.js-0.5.4.tgz",
      "integrity": "sha512-n5JzZA/KBgubLk+FQcolobwbKDM5ikAiHZ40FUVitYdAf7VICC5sVQIIOZsVJtLVuBi6yE0Kq71LMDL+zzzu3w==",
      "license": "MIT"
    }
  }
}
